chart:
  name: opentelemetry-collector
  version: 0.169.0
  upstreamTgzSha256: 5819f94636a8d053211ed5fd6936335a97435c5465efcc634d22c8ee1c8e256b
images:
  - source: ghcr.io/open-telemetry/opentelemetry-collector-releases/opentelemetry-collector-contrib:0.158.0
    digest: sha256:c5918f78992ee73b0d6f0e599423ac5ec52dd5d9726733114d6eca53d5a32ed5
    target: us-central1-docker.pkg.dev/o-foundation-7e43/platform/images/ghcr.io/open-telemetry/opentelemetry-collector-releases/opentelemetry-collector-contrib:0.158.0
    platforms: ["linux/386", "linux/amd64", "linux/arm", "linux/arm64", "linux/ppc64le", "linux/riscv64", "linux/s390x"]
