chart:
  name: opentelemetry-collector
  version: 0.168.0
  upstreamTgzSha256: c230368b0b1b5c42b670a04cebe32b171be7f13f44cfbc58b9ff7ae9f77b4be9
images:
  - source: ghcr.io/open-telemetry/opentelemetry-collector-releases/opentelemetry-collector-contrib:0.157.0
    digest: sha256:f2f01157055a9b2aab9df7118e1f1c9abf345e99b23bc7a2bc791db374a7d0f6
    target: us-central1-docker.pkg.dev/o-foundation-7e43/platform/images/ghcr.io/open-telemetry/opentelemetry-collector-releases/opentelemetry-collector-contrib:0.157.0
    platforms: ["linux/386", "linux/amd64", "linux/arm", "linux/arm64", "linux/ppc64le", "linux/riscv64", "linux/s390x"]
