chart:
  name: opentelemetry-collector
  version: 0.166.0
  upstreamTgzSha256: c86862bc4cdca0e3e237fa7d055acac190ce7f9fbbb7a8408647c7ccf58f24ed
images:
  - source: ghcr.io/open-telemetry/opentelemetry-collector-releases/opentelemetry-collector-contrib:0.157.0
    digest: sha256:f2f01157055a9b2aab9df7118e1f1c9abf345e99b23bc7a2bc791db374a7d0f6
    target: us-central1-docker.pkg.dev/o-foundation-7e43/platform/images/ghcr.io/open-telemetry/opentelemetry-collector-releases/opentelemetry-collector-contrib:0.157.0
    platforms: ["linux/386", "linux/amd64", "linux/arm", "linux/arm64", "linux/ppc64le", "linux/riscv64", "linux/s390x"]
