# @generated - this file is auto-generated by `mise lock` https://mise.jdx.dev/dev-tools/mise-lock.html

lockfile_version = 3

[[tools."aqua:google/go-containerregistry"]]
version = "0.22.1"
backend = "aqua:google/go-containerregistry"
specifiers = ["0.22.1"]

[tools."aqua:google/go-containerregistry"."platforms.linux-arm64"]
checksum = "sha256:898c0cff975f898a33e8c4580bdafb0e7c02c7faa33374e946762f97c4ab7110"
url = "https://github.com/google/go-containerregistry/releases/download/v0.22.1/go-containerregistry_Linux_arm64.tar.gz"
url_api = "https://api.github.com/repos/google/go-containerregistry/releases/assets/543544372"

[tools."aqua:google/go-containerregistry"."platforms.linux-arm64-musl"]
checksum = "sha256:898c0cff975f898a33e8c4580bdafb0e7c02c7faa33374e946762f97c4ab7110"
url = "https://github.com/google/go-containerregistry/releases/download/v0.22.1/go-containerregistry_Linux_arm64.tar.gz"
url_api = "https://api.github.com/repos/google/go-containerregistry/releases/assets/543544372"

[tools."aqua:google/go-containerregistry"."platforms.linux-x64"]
checksum = "sha256:0ab7a1d6932a213aed964ce97666c3077fe691c8606413674a8b3e0b9ec4cda0"
url = "https://github.com/google/go-containerregistry/releases/download/v0.22.1/go-containerregistry_Linux_x86_64.tar.gz"
url_api = "https://api.github.com/repos/google/go-containerregistry/releases/assets/543544389"

[tools."aqua:google/go-containerregistry"."platforms.linux-x64-musl"]
checksum = "sha256:0ab7a1d6932a213aed964ce97666c3077fe691c8606413674a8b3e0b9ec4cda0"
url = "https://github.com/google/go-containerregistry/releases/download/v0.22.1/go-containerregistry_Linux_x86_64.tar.gz"
url_api = "https://api.github.com/repos/google/go-containerregistry/releases/assets/543544389"

[tools."aqua:google/go-containerregistry"."platforms.macos-arm64"]
checksum = "sha256:2231fc8df8806d20d680ff1225db44e095a55dd6ac1ae8eced4faf4b278b78fb"
url = "https://github.com/google/go-containerregistry/releases/download/v0.22.1/go-containerregistry_Darwin_arm64.tar.gz"
url_api = "https://api.github.com/repos/google/go-containerregistry/releases/assets/543544436"

[tools."aqua:google/go-containerregistry"."platforms.macos-x64"]
checksum = "sha256:6fedd06a648c11335f0e8b9547e4783002c30e9336047fec292942cd518bb799"
url = "https://github.com/google/go-containerregistry/releases/download/v0.22.1/go-containerregistry_Darwin_x86_64.tar.gz"
url_api = "https://api.github.com/repos/google/go-containerregistry/releases/assets/543544434"

[tools."aqua:google/go-containerregistry"."platforms.windows-x64"]
checksum = "sha256:0e073ea8192c3b8442ec8aaf44d53c1050a09084669fae3a6ceb0f2026cf8b21"
url = "https://github.com/google/go-containerregistry/releases/download/v0.22.1/go-containerregistry_Windows_x86_64.tar.gz"
url_api = "https://api.github.com/repos/google/go-containerregistry/releases/assets/543544437"

[[tools."aqua:mikefarah/yq"]]
version = "4.54.1"
backend = "aqua:mikefarah/yq"
specifiers = ["4.54.1"]

[tools."aqua:mikefarah/yq"."platforms.linux-arm64"]
checksum = "sha256:189088da0c6429ec5178dfaab1a114805f6cab0b61b165ab236efedf1d57a71b"
url = "https://github.com/mikefarah/yq/releases/download/v4.54.1/yq_linux_arm64"
url_api = "https://api.github.com/repos/mikefarah/yq/releases/assets/597222603"
provenance = "cosign"

[tools."aqua:mikefarah/yq"."platforms.linux-arm64-musl"]
checksum = "sha256:189088da0c6429ec5178dfaab1a114805f6cab0b61b165ab236efedf1d57a71b"
url = "https://github.com/mikefarah/yq/releases/download/v4.54.1/yq_linux_arm64"
url_api = "https://api.github.com/repos/mikefarah/yq/releases/assets/597222603"
provenance = "cosign"

[tools."aqua:mikefarah/yq"."platforms.linux-x64"]
checksum = "sha256:8e34fc298390875de416e6a4afcb8cabeceb25d9aa8506c1a2f9353cf702ea5f"
url = "https://github.com/mikefarah/yq/releases/download/v4.54.1/yq_linux_amd64"
url_api = "https://api.github.com/repos/mikefarah/yq/releases/assets/597222595"
provenance = "cosign"

[tools."aqua:mikefarah/yq"."platforms.linux-x64-musl"]
checksum = "sha256:8e34fc298390875de416e6a4afcb8cabeceb25d9aa8506c1a2f9353cf702ea5f"
url = "https://github.com/mikefarah/yq/releases/download/v4.54.1/yq_linux_amd64"
url_api = "https://api.github.com/repos/mikefarah/yq/releases/assets/597222595"
provenance = "cosign"

[tools."aqua:mikefarah/yq"."platforms.macos-arm64"]
checksum = "sha256:fee511a181bd8b3e6b7da98842b41973bfac8cd3bcd341ed29a584620b5b2844"
url = "https://github.com/mikefarah/yq/releases/download/v4.54.1/yq_darwin_arm64"
url_api = "https://api.github.com/repos/mikefarah/yq/releases/assets/597222609"
provenance = "cosign"

[tools."aqua:mikefarah/yq"."platforms.macos-x64"]
checksum = "sha256:3a812fce205a4d67014fb71b7fa297092210e580df3d8f52dddc2cf3a599c22b"
url = "https://github.com/mikefarah/yq/releases/download/v4.54.1/yq_darwin_amd64"
url_api = "https://api.github.com/repos/mikefarah/yq/releases/assets/597222619"
provenance = "cosign"

[tools."aqua:mikefarah/yq"."platforms.windows-x64"]
checksum = "sha256:b645f47ebb3a0d2fbab52998550bbd0a1706f23b5ca5f5b48e638c580bb70928"
url = "https://github.com/mikefarah/yq/releases/download/v4.54.1/yq_windows_amd64.exe"
url_api = "https://api.github.com/repos/mikefarah/yq/releases/assets/597222575"
provenance = "cosign"

[[tools."github:bitwise-media-group/patchy"]]
version = "0.11.3"
backend = "github:bitwise-media-group/patchy"
specifiers = ["v0.11.3"]

[tools."github:bitwise-media-group/patchy".options]
matching = "patchy-cli"

[tools."github:bitwise-media-group/patchy"."platforms.linux-arm64"]
checksum = "sha256:688b08dfbdf6985849d93d4fc7c99cbb5b2696368e65a9660fa0e16766d5800f"
url = "https://github.com/bitwise-media-group/patchy/releases/download/v0.11.3/patchy-cli_0.11.3_linux_arm64.tar.gz"
url_api = "https://api.github.com/repos/bitwise-media-group/patchy/releases/assets/625154565"
provenance = "github-attestations"

[tools."github:bitwise-media-group/patchy"."platforms.linux-arm64-musl"]
checksum = "sha256:688b08dfbdf6985849d93d4fc7c99cbb5b2696368e65a9660fa0e16766d5800f"
url = "https://github.com/bitwise-media-group/patchy/releases/download/v0.11.3/patchy-cli_0.11.3_linux_arm64.tar.gz"
url_api = "https://api.github.com/repos/bitwise-media-group/patchy/releases/assets/625154565"
provenance = "github-attestations"

[tools."github:bitwise-media-group/patchy"."platforms.linux-x64"]
checksum = "sha256:1260ce83cb333bfc1dec49a44353c1bfbcabd41598142282e08bacb62725cfc5"
url = "https://github.com/bitwise-media-group/patchy/releases/download/v0.11.3/patchy-cli_0.11.3_linux_amd64.tar.gz"
url_api = "https://api.github.com/repos/bitwise-media-group/patchy/releases/assets/625154541"
provenance = "github-attestations"

[tools."github:bitwise-media-group/patchy"."platforms.linux-x64-musl"]
checksum = "sha256:1260ce83cb333bfc1dec49a44353c1bfbcabd41598142282e08bacb62725cfc5"
url = "https://github.com/bitwise-media-group/patchy/releases/download/v0.11.3/patchy-cli_0.11.3_linux_amd64.tar.gz"
url_api = "https://api.github.com/repos/bitwise-media-group/patchy/releases/assets/625154541"
provenance = "github-attestations"

[tools."github:bitwise-media-group/patchy"."platforms.macos-arm64"]
checksum = "sha256:18c87493c183be1b8dd1da9ee3d91e0165461929d6b9f3847e9f2f584a3280f2"
url = "https://github.com/bitwise-media-group/patchy/releases/download/v0.11.3/patchy-cli_0.11.3_darwin_arm64.tar.gz"
url_api = "https://api.github.com/repos/bitwise-media-group/patchy/releases/assets/625154537"
provenance = "github-attestations"

[tools."github:bitwise-media-group/patchy"."platforms.macos-x64"]
checksum = "sha256:9262ccb5f35f307d8db7d438fd7d90185802739d567f82108497e761cd2538a9"
url = "https://github.com/bitwise-media-group/patchy/releases/download/v0.11.3/patchy-cli_0.11.3_darwin_amd64.tar.gz"
url_api = "https://api.github.com/repos/bitwise-media-group/patchy/releases/assets/625154609"
provenance = "github-attestations"

[tools."github:bitwise-media-group/patchy"."platforms.windows-x64"]
checksum = "sha256:7334d8277640a64c6f592e409b7efcd1e01895c6b9da15ca99799477b7f0d6a9"
url = "https://github.com/bitwise-media-group/patchy/releases/download/v0.11.3/patchy-cli_0.11.3_windows_amd64.tar.gz"
url_api = "https://api.github.com/repos/bitwise-media-group/patchy/releases/assets/625154572"
provenance = "github-attestations"
