# @generated - this file is auto-generated by `mise lock` https://mise.jdx.dev/dev-tools/mise-lock.html

[[tools."aqua:google/go-containerregistry"]]
version = "0.22.1"
backend = "aqua:google/go-containerregistry"

[tools."aqua:google/go-containerregistry"."platforms.linux-arm64"]
checksum = "sha256:898c0cff975f898a33e8c4580bdafb0e7c02c7faa33374e946762f97c4ab7110"
url = "https://github.com/google/go-containerregistry/releases/download/v0.22.1/go-containerregistry_Linux_arm64.tar.gz"
url_api = "https://api.github.com/repos/google/go-containerregistry/releases/assets/543544372"

[tools."aqua:google/go-containerregistry"."platforms.linux-arm64-musl"]
checksum = "sha256:898c0cff975f898a33e8c4580bdafb0e7c02c7faa33374e946762f97c4ab7110"
url = "https://github.com/google/go-containerregistry/releases/download/v0.22.1/go-containerregistry_Linux_arm64.tar.gz"
url_api = "https://api.github.com/repos/google/go-containerregistry/releases/assets/543544372"

[tools."aqua:google/go-containerregistry"."platforms.linux-x64"]
checksum = "sha256:0ab7a1d6932a213aed964ce97666c3077fe691c8606413674a8b3e0b9ec4cda0"
url = "https://github.com/google/go-containerregistry/releases/download/v0.22.1/go-containerregistry_Linux_x86_64.tar.gz"
url_api = "https://api.github.com/repos/google/go-containerregistry/releases/assets/543544389"

[tools."aqua:google/go-containerregistry"."platforms.linux-x64-musl"]
checksum = "sha256:0ab7a1d6932a213aed964ce97666c3077fe691c8606413674a8b3e0b9ec4cda0"
url = "https://github.com/google/go-containerregistry/releases/download/v0.22.1/go-containerregistry_Linux_x86_64.tar.gz"
url_api = "https://api.github.com/repos/google/go-containerregistry/releases/assets/543544389"

[tools."aqua:google/go-containerregistry"."platforms.macos-arm64"]
checksum = "sha256:2231fc8df8806d20d680ff1225db44e095a55dd6ac1ae8eced4faf4b278b78fb"
url = "https://github.com/google/go-containerregistry/releases/download/v0.22.1/go-containerregistry_Darwin_arm64.tar.gz"
url_api = "https://api.github.com/repos/google/go-containerregistry/releases/assets/543544436"

[tools."aqua:google/go-containerregistry"."platforms.macos-x64"]
checksum = "sha256:6fedd06a648c11335f0e8b9547e4783002c30e9336047fec292942cd518bb799"
url = "https://github.com/google/go-containerregistry/releases/download/v0.22.1/go-containerregistry_Darwin_x86_64.tar.gz"
url_api = "https://api.github.com/repos/google/go-containerregistry/releases/assets/543544434"

[tools."aqua:google/go-containerregistry"."platforms.windows-x64"]
checksum = "sha256:0e073ea8192c3b8442ec8aaf44d53c1050a09084669fae3a6ceb0f2026cf8b21"
url = "https://github.com/google/go-containerregistry/releases/download/v0.22.1/go-containerregistry_Windows_x86_64.tar.gz"
url_api = "https://api.github.com/repos/google/go-containerregistry/releases/assets/543544437"

[[tools."aqua:mikefarah/yq"]]
version = "4.54.1"
backend = "aqua:mikefarah/yq"

[tools."aqua:mikefarah/yq"."platforms.linux-arm64"]
checksum = "sha256:189088da0c6429ec5178dfaab1a114805f6cab0b61b165ab236efedf1d57a71b"
url = "https://github.com/mikefarah/yq/releases/download/v4.54.1/yq_linux_arm64"
url_api = "https://api.github.com/repos/mikefarah/yq/releases/assets/597222603"
provenance = "cosign"

[tools."aqua:mikefarah/yq"."platforms.linux-arm64-musl"]
checksum = "sha256:189088da0c6429ec5178dfaab1a114805f6cab0b61b165ab236efedf1d57a71b"
url = "https://github.com/mikefarah/yq/releases/download/v4.54.1/yq_linux_arm64"
url_api = "https://api.github.com/repos/mikefarah/yq/releases/assets/597222603"
provenance = "cosign"

[tools."aqua:mikefarah/yq"."platforms.linux-x64"]
checksum = "sha256:8e34fc298390875de416e6a4afcb8cabeceb25d9aa8506c1a2f9353cf702ea5f"
url = "https://github.com/mikefarah/yq/releases/download/v4.54.1/yq_linux_amd64"
url_api = "https://api.github.com/repos/mikefarah/yq/releases/assets/597222595"
provenance = "cosign"

[tools."aqua:mikefarah/yq"."platforms.linux-x64-musl"]
checksum = "sha256:8e34fc298390875de416e6a4afcb8cabeceb25d9aa8506c1a2f9353cf702ea5f"
url = "https://github.com/mikefarah/yq/releases/download/v4.54.1/yq_linux_amd64"
url_api = "https://api.github.com/repos/mikefarah/yq/releases/assets/597222595"
provenance = "cosign"

[tools."aqua:mikefarah/yq"."platforms.macos-arm64"]
checksum = "sha256:fee511a181bd8b3e6b7da98842b41973bfac8cd3bcd341ed29a584620b5b2844"
url = "https://github.com/mikefarah/yq/releases/download/v4.54.1/yq_darwin_arm64"
url_api = "https://api.github.com/repos/mikefarah/yq/releases/assets/597222609"
provenance = "cosign"

[tools."aqua:mikefarah/yq"."platforms.macos-x64"]
checksum = "sha256:3a812fce205a4d67014fb71b7fa297092210e580df3d8f52dddc2cf3a599c22b"
url = "https://github.com/mikefarah/yq/releases/download/v4.54.1/yq_darwin_amd64"
url_api = "https://api.github.com/repos/mikefarah/yq/releases/assets/597222619"
provenance = "cosign"

[tools."aqua:mikefarah/yq"."platforms.windows-x64"]
checksum = "sha256:b645f47ebb3a0d2fbab52998550bbd0a1706f23b5ca5f5b48e638c580bb70928"
url = "https://github.com/mikefarah/yq/releases/download/v4.54.1/yq_windows_amd64.exe"
url_api = "https://api.github.com/repos/mikefarah/yq/releases/assets/597222575"
provenance = "cosign"

[[tools."aqua:sigstore/cosign"]]
version = "3.1.3"
backend = "aqua:sigstore/cosign"

[tools."aqua:sigstore/cosign"."platforms.linux-arm64"]
checksum = "sha256:c5d324e091826b0d7a78eb16fef316450b4eb9aaec045611c08ba06f5e73220a"
url = "https://github.com/sigstore/cosign/releases/download/v3.1.3/cosign-linux-arm64"
url_api = "https://api.github.com/repos/sigstore/cosign/releases/assets/503286299"
provenance = "cosign"

[tools."aqua:sigstore/cosign"."platforms.linux-arm64-musl"]
checksum = "sha256:c5d324e091826b0d7a78eb16fef316450b4eb9aaec045611c08ba06f5e73220a"
url = "https://github.com/sigstore/cosign/releases/download/v3.1.3/cosign-linux-arm64"
url_api = "https://api.github.com/repos/sigstore/cosign/releases/assets/503286299"
provenance = "cosign"

[tools."aqua:sigstore/cosign"."platforms.linux-x64"]
checksum = "sha256:4629c757b7618056f8ddd7e2625ae9fdd94c0372a65049520bc7d9df9efc7f71"
url = "https://github.com/sigstore/cosign/releases/download/v3.1.3/cosign-linux-amd64"
url_api = "https://api.github.com/repos/sigstore/cosign/releases/assets/503286005"
provenance = "cosign"

[tools."aqua:sigstore/cosign"."platforms.linux-x64-musl"]
checksum = "sha256:4629c757b7618056f8ddd7e2625ae9fdd94c0372a65049520bc7d9df9efc7f71"
url = "https://github.com/sigstore/cosign/releases/download/v3.1.3/cosign-linux-amd64"
url_api = "https://api.github.com/repos/sigstore/cosign/releases/assets/503286005"
provenance = "cosign"

[tools."aqua:sigstore/cosign"."platforms.macos-arm64"]
checksum = "sha256:5cf948c2f4dfe59687bdd0b8523709067383e03982cc543475c8a7dc70e92a76"
url = "https://github.com/sigstore/cosign/releases/download/v3.1.3/cosign-darwin-arm64"
url_api = "https://api.github.com/repos/sigstore/cosign/releases/assets/503286205"
provenance = "cosign"

[tools."aqua:sigstore/cosign"."platforms.macos-x64"]
checksum = "sha256:2347488e5d5b25336644024dfeca5601b190e91197a71a917bda44744aff106c"
url = "https://github.com/sigstore/cosign/releases/download/v3.1.3/cosign-darwin-amd64"
url_api = "https://api.github.com/repos/sigstore/cosign/releases/assets/503286177"
provenance = "cosign"

[tools."aqua:sigstore/cosign"."platforms.windows-x64"]
checksum = "sha256:9fe59be0eca1271873ce019061335eb1ac419b7059202e797828467ddabe33be"
url = "https://github.com/sigstore/cosign/releases/download/v3.1.3/cosign-windows-amd64.exe"
url_api = "https://api.github.com/repos/sigstore/cosign/releases/assets/503286236"
provenance = "cosign"

[[tools."github:bitwise-media-group/patchy"]]
version = "0.11.2"
backend = "github:bitwise-media-group/patchy"

[tools."github:bitwise-media-group/patchy".options]
matching = "patchy-cli"

[tools."github:bitwise-media-group/patchy"."platforms.linux-arm64"]
checksum = "sha256:3aa8a2d8107f9d098a69fac5db89598152b057a4fbafe5820bd58afac1ca507a"
url = "https://github.com/bitwise-media-group/patchy/releases/download/v0.11.2/patchy-cli_0.11.2_linux_arm64.tar.gz"
url_api = "https://api.github.com/repos/bitwise-media-group/patchy/releases/assets/532937697"
provenance = "github-attestations"

[tools."github:bitwise-media-group/patchy"."platforms.linux-arm64-musl"]
checksum = "sha256:3aa8a2d8107f9d098a69fac5db89598152b057a4fbafe5820bd58afac1ca507a"
url = "https://github.com/bitwise-media-group/patchy/releases/download/v0.11.2/patchy-cli_0.11.2_linux_arm64.tar.gz"
url_api = "https://api.github.com/repos/bitwise-media-group/patchy/releases/assets/532937697"
provenance = "github-attestations"

[tools."github:bitwise-media-group/patchy"."platforms.linux-x64"]
checksum = "sha256:d969785c1319cf230c8c261d1d2605d062e2cc4f8cafb901437389baa83f0517"
url = "https://github.com/bitwise-media-group/patchy/releases/download/v0.11.2/patchy-cli_0.11.2_linux_amd64.tar.gz"
url_api = "https://api.github.com/repos/bitwise-media-group/patchy/releases/assets/532937688"
provenance = "github-attestations"
provenance_verified = true

[tools."github:bitwise-media-group/patchy"."platforms.linux-x64-musl"]
checksum = "sha256:d969785c1319cf230c8c261d1d2605d062e2cc4f8cafb901437389baa83f0517"
url = "https://github.com/bitwise-media-group/patchy/releases/download/v0.11.2/patchy-cli_0.11.2_linux_amd64.tar.gz"
url_api = "https://api.github.com/repos/bitwise-media-group/patchy/releases/assets/532937688"
provenance = "github-attestations"

[tools."github:bitwise-media-group/patchy"."platforms.macos-arm64"]
checksum = "sha256:70b41f5349a9df74347c5e3f8f4e91390d621564503faf71fcd308a39b7f7043"
url = "https://github.com/bitwise-media-group/patchy/releases/download/v0.11.2/patchy-cli_0.11.2_darwin_arm64.tar.gz"
url_api = "https://api.github.com/repos/bitwise-media-group/patchy/releases/assets/532937716"
provenance = "github-attestations"

[tools."github:bitwise-media-group/patchy"."platforms.macos-x64"]
checksum = "sha256:1e6331b516c71d21a1c294e43b7f4971f7f5bee2ce81c8985aba0f4b42dfc42d"
url = "https://github.com/bitwise-media-group/patchy/releases/download/v0.11.2/patchy-cli_0.11.2_darwin_amd64.tar.gz"
url_api = "https://api.github.com/repos/bitwise-media-group/patchy/releases/assets/532937699"
provenance = "github-attestations"

[tools."github:bitwise-media-group/patchy"."platforms.windows-x64"]
checksum = "sha256:4b5679e618417758406e7dbff26d7673b93c34ae2b4ab3f0a241021d624c9fdb"
url = "https://github.com/bitwise-media-group/patchy/releases/download/v0.11.2/patchy-cli_0.11.2_windows_amd64.tar.gz"
url_api = "https://api.github.com/repos/bitwise-media-group/patchy/releases/assets/532937717"
provenance = "github-attestations"
