# @generated - this file is auto-generated by `mise lock` https://mise.jdx.dev/dev-tools/mise-lock.html

[[tools."aqua:google/go-containerregistry"]]
version = "0.21.9"
backend = "aqua:google/go-containerregistry"

[tools."aqua:google/go-containerregistry"."platforms.linux-arm64"]
checksum = "sha256:1f4c647b7bb260ab5435661df5b526cf59950ebf95201790db7183ac189cbcbd"
url = "https://github.com/google/go-containerregistry/releases/download/v0.21.9/go-containerregistry_Linux_arm64.tar.gz"
url_api = "https://api.github.com/repos/google/go-containerregistry/releases/assets/503108017"

[tools."aqua:google/go-containerregistry"."platforms.linux-arm64-musl"]
checksum = "sha256:1f4c647b7bb260ab5435661df5b526cf59950ebf95201790db7183ac189cbcbd"
url = "https://github.com/google/go-containerregistry/releases/download/v0.21.9/go-containerregistry_Linux_arm64.tar.gz"
url_api = "https://api.github.com/repos/google/go-containerregistry/releases/assets/503108017"

[tools."aqua:google/go-containerregistry"."platforms.linux-x64"]
checksum = "sha256:5c16d8ddb971cb1d5e6ed8b1e743da8224414eeba2c2762d8f1a61b2f095699e"
url = "https://github.com/google/go-containerregistry/releases/download/v0.21.9/go-containerregistry_Linux_x86_64.tar.gz"
url_api = "https://api.github.com/repos/google/go-containerregistry/releases/assets/503108053"

[tools."aqua:google/go-containerregistry"."platforms.linux-x64-musl"]
checksum = "sha256:5c16d8ddb971cb1d5e6ed8b1e743da8224414eeba2c2762d8f1a61b2f095699e"
url = "https://github.com/google/go-containerregistry/releases/download/v0.21.9/go-containerregistry_Linux_x86_64.tar.gz"
url_api = "https://api.github.com/repos/google/go-containerregistry/releases/assets/503108053"

[tools."aqua:google/go-containerregistry"."platforms.macos-arm64"]
checksum = "sha256:11cc3640e53473eb0d8c501068573e52a259f4d82177e6dd11b7bacb8955459e"
url = "https://github.com/google/go-containerregistry/releases/download/v0.21.9/go-containerregistry_Darwin_arm64.tar.gz"
url_api = "https://api.github.com/repos/google/go-containerregistry/releases/assets/503108022"

[tools."aqua:google/go-containerregistry"."platforms.macos-x64"]
checksum = "sha256:f31075b3375f79b406a600e090d5c4778b3c6598a01c817dc7898c05c7c00a56"
url = "https://github.com/google/go-containerregistry/releases/download/v0.21.9/go-containerregistry_Darwin_x86_64.tar.gz"
url_api = "https://api.github.com/repos/google/go-containerregistry/releases/assets/503108009"

[tools."aqua:google/go-containerregistry"."platforms.windows-x64"]
checksum = "sha256:2309f41ce9a31b6096fd590a57b00b0fd1d6dc41d315dc820795f64be070fe03"
url = "https://github.com/google/go-containerregistry/releases/download/v0.21.9/go-containerregistry_Windows_x86_64.tar.gz"
url_api = "https://api.github.com/repos/google/go-containerregistry/releases/assets/503108006"

[[tools."aqua:mikefarah/yq"]]
version = "4.53.3"
backend = "aqua:mikefarah/yq"

[tools."aqua:mikefarah/yq"."platforms.linux-arm64"]
checksum = "sha256:578648e463a11c1b6db6010cbf41eafed6bee79466fcffa1bb446672cf7945ea"
url = "https://github.com/mikefarah/yq/releases/download/v4.53.3/yq_linux_arm64"
url_api = "https://api.github.com/repos/mikefarah/yq/releases/assets/440146727"
provenance = "cosign"

[tools."aqua:mikefarah/yq"."platforms.linux-arm64-musl"]
checksum = "sha256:578648e463a11c1b6db6010cbf41eafed6bee79466fcffa1bb446672cf7945ea"
url = "https://github.com/mikefarah/yq/releases/download/v4.53.3/yq_linux_arm64"
url_api = "https://api.github.com/repos/mikefarah/yq/releases/assets/440146727"
provenance = "cosign"

[tools."aqua:mikefarah/yq"."platforms.linux-x64"]
checksum = "sha256:fa52a4e758c63d38299163fbdd1edfb4c4963247918bf9c1c5d31d84789eded4"
url = "https://github.com/mikefarah/yq/releases/download/v4.53.3/yq_linux_amd64"
url_api = "https://api.github.com/repos/mikefarah/yq/releases/assets/440146735"
provenance = "cosign"

[tools."aqua:mikefarah/yq"."platforms.linux-x64-musl"]
checksum = "sha256:fa52a4e758c63d38299163fbdd1edfb4c4963247918bf9c1c5d31d84789eded4"
url = "https://github.com/mikefarah/yq/releases/download/v4.53.3/yq_linux_amd64"
url_api = "https://api.github.com/repos/mikefarah/yq/releases/assets/440146735"
provenance = "cosign"

[tools."aqua:mikefarah/yq"."platforms.macos-arm64"]
checksum = "sha256:877de31753a4dd2401aa048937aa9a7fc4d5f6ce858cf31508c5802954297213"
url = "https://github.com/mikefarah/yq/releases/download/v4.53.3/yq_darwin_arm64"
url_api = "https://api.github.com/repos/mikefarah/yq/releases/assets/440146762"
provenance = "cosign"

[tools."aqua:mikefarah/yq"."platforms.macos-x64"]
checksum = "sha256:b4ba1ecce3c47f00803f4f964de38394326c7a32eb6540616e04fb2935a0f08d"
url = "https://github.com/mikefarah/yq/releases/download/v4.53.3/yq_darwin_amd64"
url_api = "https://api.github.com/repos/mikefarah/yq/releases/assets/440146744"
provenance = "cosign"

[tools."aqua:mikefarah/yq"."platforms.windows-x64"]
checksum = "sha256:e279bc506a452eeafcdf364f91a025455e402a8001169083caf01f4b64a544e2"
url = "https://github.com/mikefarah/yq/releases/download/v4.53.3/yq_windows_amd64.exe"
url_api = "https://api.github.com/repos/mikefarah/yq/releases/assets/440146721"
provenance = "cosign"

[[tools."aqua:sigstore/cosign"]]
version = "3.1.3"
backend = "aqua:sigstore/cosign"

[tools."aqua:sigstore/cosign"."platforms.linux-arm64"]
checksum = "sha256:c5d324e091826b0d7a78eb16fef316450b4eb9aaec045611c08ba06f5e73220a"
url = "https://github.com/sigstore/cosign/releases/download/v3.1.3/cosign-linux-arm64"
url_api = "https://api.github.com/repos/sigstore/cosign/releases/assets/503286299"
provenance = "cosign"

[tools."aqua:sigstore/cosign"."platforms.linux-arm64-musl"]
checksum = "sha256:c5d324e091826b0d7a78eb16fef316450b4eb9aaec045611c08ba06f5e73220a"
url = "https://github.com/sigstore/cosign/releases/download/v3.1.3/cosign-linux-arm64"
url_api = "https://api.github.com/repos/sigstore/cosign/releases/assets/503286299"
provenance = "cosign"

[tools."aqua:sigstore/cosign"."platforms.linux-x64"]
checksum = "sha256:4629c757b7618056f8ddd7e2625ae9fdd94c0372a65049520bc7d9df9efc7f71"
url = "https://github.com/sigstore/cosign/releases/download/v3.1.3/cosign-linux-amd64"
url_api = "https://api.github.com/repos/sigstore/cosign/releases/assets/503286005"
provenance = "cosign"

[tools."aqua:sigstore/cosign"."platforms.linux-x64-musl"]
checksum = "sha256:4629c757b7618056f8ddd7e2625ae9fdd94c0372a65049520bc7d9df9efc7f71"
url = "https://github.com/sigstore/cosign/releases/download/v3.1.3/cosign-linux-amd64"
url_api = "https://api.github.com/repos/sigstore/cosign/releases/assets/503286005"
provenance = "cosign"

[tools."aqua:sigstore/cosign"."platforms.macos-arm64"]
checksum = "sha256:5cf948c2f4dfe59687bdd0b8523709067383e03982cc543475c8a7dc70e92a76"
url = "https://github.com/sigstore/cosign/releases/download/v3.1.3/cosign-darwin-arm64"
url_api = "https://api.github.com/repos/sigstore/cosign/releases/assets/503286205"
provenance = "cosign"

[tools."aqua:sigstore/cosign"."platforms.macos-x64"]
checksum = "sha256:2347488e5d5b25336644024dfeca5601b190e91197a71a917bda44744aff106c"
url = "https://github.com/sigstore/cosign/releases/download/v3.1.3/cosign-darwin-amd64"
url_api = "https://api.github.com/repos/sigstore/cosign/releases/assets/503286177"
provenance = "cosign"

[tools."aqua:sigstore/cosign"."platforms.windows-x64"]
checksum = "sha256:9fe59be0eca1271873ce019061335eb1ac419b7059202e797828467ddabe33be"
url = "https://github.com/sigstore/cosign/releases/download/v3.1.3/cosign-windows-amd64.exe"
url_api = "https://api.github.com/repos/sigstore/cosign/releases/assets/503286236"
provenance = "cosign"

[[tools."github:bitwise-media-group/patchy"]]
version = "0.11.0"
backend = "github:bitwise-media-group/patchy"

[tools."github:bitwise-media-group/patchy".options]
matching = "patchy-cli"

[tools."github:bitwise-media-group/patchy"."platforms.linux-arm64"]
checksum = "sha256:b0d99ed5f5a839dc54812a49426f1220d3082be6b6d4a3d9bec66b9368e3b3cd"
url = "https://github.com/bitwise-media-group/patchy/releases/download/v0.11.0/patchy-cli_0.11.0_linux_arm64.tar.gz"
url_api = "https://api.github.com/repos/bitwise-media-group/patchy/releases/assets/523478533"
provenance = "github-attestations"

[tools."github:bitwise-media-group/patchy"."platforms.linux-arm64-musl"]
checksum = "sha256:b0d99ed5f5a839dc54812a49426f1220d3082be6b6d4a3d9bec66b9368e3b3cd"
url = "https://github.com/bitwise-media-group/patchy/releases/download/v0.11.0/patchy-cli_0.11.0_linux_arm64.tar.gz"
url_api = "https://api.github.com/repos/bitwise-media-group/patchy/releases/assets/523478533"
provenance = "github-attestations"

[tools."github:bitwise-media-group/patchy"."platforms.linux-x64"]
checksum = "sha256:18ceba634b67f8d44778729bae53997d8629f8c7692e1ed969370b875c6d14e4"
url = "https://github.com/bitwise-media-group/patchy/releases/download/v0.11.0/patchy-cli_0.11.0_linux_amd64.tar.gz"
url_api = "https://api.github.com/repos/bitwise-media-group/patchy/releases/assets/523478536"
provenance = "github-attestations"
provenance_verified = true

[tools."github:bitwise-media-group/patchy"."platforms.linux-x64-musl"]
checksum = "sha256:18ceba634b67f8d44778729bae53997d8629f8c7692e1ed969370b875c6d14e4"
url = "https://github.com/bitwise-media-group/patchy/releases/download/v0.11.0/patchy-cli_0.11.0_linux_amd64.tar.gz"
url_api = "https://api.github.com/repos/bitwise-media-group/patchy/releases/assets/523478536"
provenance = "github-attestations"

[tools."github:bitwise-media-group/patchy"."platforms.macos-arm64"]
checksum = "sha256:9764a5b17e225c150020079f655e4eafb9a1de3c4025a79f975b28ae562b9ba7"
url = "https://github.com/bitwise-media-group/patchy/releases/download/v0.11.0/patchy-cli_0.11.0_darwin_arm64.tar.gz"
url_api = "https://api.github.com/repos/bitwise-media-group/patchy/releases/assets/523478548"
provenance = "github-attestations"
provenance_verified = true

[tools."github:bitwise-media-group/patchy"."platforms.macos-x64"]
checksum = "sha256:94df1c61ae08d97ec6045738a7678a2b455f85e1de7e583067a743d685889b3d"
url = "https://github.com/bitwise-media-group/patchy/releases/download/v0.11.0/patchy-cli_0.11.0_darwin_amd64.tar.gz"
url_api = "https://api.github.com/repos/bitwise-media-group/patchy/releases/assets/523478560"
provenance = "github-attestations"

[tools."github:bitwise-media-group/patchy"."platforms.windows-x64"]
checksum = "sha256:0d3972feb64613ad39466df0d522889224a8eb35c35f3905901a2fd4bac06d88"
url = "https://github.com/bitwise-media-group/patchy/releases/download/v0.11.0/patchy-cli_0.11.0_windows_amd64.tar.gz"
url_api = "https://api.github.com/repos/bitwise-media-group/patchy/releases/assets/523478586"
provenance = "github-attestations"
