chart:
  name: external-dns
  version: 1.23.0
  upstreamTgzSha256: 6d149b9b04db1dc9e46b3693a4eca4ac90d6bba5e3b2a0fdd067ce3f7bfbc31e
images:
  - source: registry.k8s.io/external-dns/external-dns:v0.23.0
    digest: sha256:1854499e2b08cee47c40a08e356bff20dcb192dbcfde8378fc3f900f12cad5a3
    targets:
      google: us-central1-docker.pkg.dev/o-foundation-7e43/platform/images/registry.k8s.io/external-dns/external-dns:v0.23.0
    platforms: ["linux/amd64", "linux/arm", "linux/arm64"]
