chart:
  name: secrets-store-sync-controller
  version: 0.0.5
  upstreamTgzSha256: 25ff8c2b07959861752f751246c214ac7fb58c45df00c98c714bc131487894eb
images:
  - source: registry.k8s.io/secrets-store-sync/controller:v0.0.5
    digest: sha256:72abeb657cfbdd6a5891fc102a16429875d70c5932ad5994524d0246db914013
    targets:
      google: us-central1-docker.pkg.dev/o-foundation-7e43/platform/images/registry.k8s.io/secrets-store-sync/controller:v0.0.5
    platforms: ["linux/amd64", "linux/arm64"]
