chart:
  name: flux-operator
  version: 0.56.0
  upstreamTgzSha256: 24bedda3209c3180dc8dcd0e8bf1bac54b930afbdc11ba25f61df48ad91fdf83
images:
  - source: ghcr.io/controlplaneio-fluxcd/flux-operator:v0.56.0
    digest: sha256:04b1b4a0b3c7bcec2ed114d98c4d55332a7e54aeeaa14d56e9c5261401627e60
    target: us-central1-docker.pkg.dev/o-foundation-7e43/platform/images/ghcr.io/controlplaneio-fluxcd/flux-operator:v0.56.0
    platforms: ["linux/amd64", "linux/arm64"]
