chart:
  name: renovate
  version: 46.265.0
  upstreamTgzSha256: 6f95f88525cc8f61186e7466510a8756334571cabddf77b44666e5aa28fe7033
images:
  - source: ghcr.io/renovatebot/renovate:44.52.1
    digest: sha256:6922c734849f2ed1c01e3a7924bd60e25e0ea904731a67bad72b02d563c0c3c3
    targets:
      google: us-central1-docker.pkg.dev/o-foundation-7e43/platform/images/ghcr.io/renovatebot/renovate:44.52.1
    platforms: ["linux/amd64", "linux/arm64"]
