chart:
  name: renovate
  version: 46.252.0
  upstreamTgzSha256: 15ff3a9061a3142ea8be29df8c63bf55757017a2d42ca2f1bc8749a801daa6db
images:
  - source: ghcr.io/renovatebot/renovate:44.37.1
    digest: sha256:23183a49b33d9d41f93f4ed0e78bb6171ace9e847efea557bbadb312d5dc3646
    targets:
      google: us-central1-docker.pkg.dev/o-foundation-7e43/platform/images/ghcr.io/renovatebot/renovate:44.37.1
    platforms: ["linux/amd64", "linux/arm64"]
