chart:
  name: kyverno
  version: 3.9.0
  upstreamTgzSha256: 2a5c0c9ea2e6afe9737383db59d0430162b56ae692105fe140ddcac15bc2cc61
images:
  - source: reg.kyverno.io/kyverno/background-controller:v1.19.0
    digest: sha256:5d9a49b0a36bb25c981bd55e57f360850ea37bfe1b4914e00ec898cc5d27cc4f
    targets:
      google: us-central1-docker.pkg.dev/o-foundation-7e43/platform/images/reg.kyverno.io/kyverno/background-controller:v1.19.0
    platforms: ["linux/amd64", "linux/arm", "linux/arm64", "linux/ppc64le", "linux/s390x"]
  - source: reg.kyverno.io/kyverno/cleanup-controller:v1.19.0
    digest: sha256:6f76c84d5305898d4db455515cdb80a8af81fbfe3ac4cecad43e39266ba13944
    targets:
      google: us-central1-docker.pkg.dev/o-foundation-7e43/platform/images/reg.kyverno.io/kyverno/cleanup-controller:v1.19.0
    platforms: ["linux/amd64", "linux/arm", "linux/arm64", "linux/ppc64le", "linux/s390x"]
  - source: reg.kyverno.io/kyverno/kyverno-cli:v1.19.0
    digest: sha256:f40718123e3eea8dc36960023e2af7a980bcc76dec24842ad8705c82f4c9172e
    targets:
      google: us-central1-docker.pkg.dev/o-foundation-7e43/platform/images/reg.kyverno.io/kyverno/kyverno-cli:v1.19.0
    platforms: ["linux/amd64", "linux/arm", "linux/arm64", "linux/ppc64le", "linux/s390x"]
  - source: reg.kyverno.io/kyverno/kyverno:v1.19.0
    digest: sha256:e5bf3b96de9ad9475f5282804859e5c8f09d351d4fb988d1c1ee77f825591742
    targets:
      google: us-central1-docker.pkg.dev/o-foundation-7e43/platform/images/reg.kyverno.io/kyverno/kyverno:v1.19.0
    platforms: ["linux/amd64", "linux/arm", "linux/arm64", "linux/ppc64le", "linux/s390x"]
  - source: reg.kyverno.io/kyverno/kyvernopre:v1.19.0
    digest: sha256:3fd1640d9c77181be107d3e3c5fb9efcab9d98494bede51b64f93bf591a20276
    targets:
      google: us-central1-docker.pkg.dev/o-foundation-7e43/platform/images/reg.kyverno.io/kyverno/kyvernopre:v1.19.0
    platforms: ["linux/amd64", "linux/arm", "linux/arm64", "linux/ppc64le", "linux/s390x"]
  - source: reg.kyverno.io/kyverno/reports-controller:v1.19.0
    digest: sha256:02013e2288600f514b71f814699441007fcce7aff188f1eb9e8c5da877c6e911
    targets:
      google: us-central1-docker.pkg.dev/o-foundation-7e43/platform/images/reg.kyverno.io/kyverno/reports-controller:v1.19.0
    platforms: ["linux/amd64", "linux/arm", "linux/arm64", "linux/ppc64le", "linux/s390x"]
