chart:
  name: kyverno
  version: 3.9.1
  upstreamTgzSha256: 0f6089bebeff1dff433c04fb11a764671e7b88427f12b98c2de380e71a057b55
images:
  - source: reg.kyverno.io/kyverno/background-controller:v1.19.1
    digest: sha256:8f1e9143373a27578cafc2d28d2c66ba0926c63b4c77e63de8d2fdd4a122859f
    targets:
      google: us-central1-docker.pkg.dev/o-foundation-7e43/platform/images/reg.kyverno.io/kyverno/background-controller:v1.19.1
    platforms: ["linux/amd64", "linux/arm", "linux/arm64", "linux/ppc64le", "linux/s390x"]
  - source: reg.kyverno.io/kyverno/cleanup-controller:v1.19.1
    digest: sha256:67a48e62a8d8f8120c86914ff822b90017c54054c7b64ef8a1555645e9d9761e
    targets:
      google: us-central1-docker.pkg.dev/o-foundation-7e43/platform/images/reg.kyverno.io/kyverno/cleanup-controller:v1.19.1
    platforms: ["linux/amd64", "linux/arm", "linux/arm64", "linux/ppc64le", "linux/s390x"]
  - source: reg.kyverno.io/kyverno/kyverno-cli:v1.19.1
    digest: sha256:ced7b2be0b04250cabfe695f15307f69eb715fe23234816388af4f3812915b2a
    targets:
      google: us-central1-docker.pkg.dev/o-foundation-7e43/platform/images/reg.kyverno.io/kyverno/kyverno-cli:v1.19.1
    platforms: ["linux/amd64", "linux/arm", "linux/arm64", "linux/ppc64le", "linux/s390x"]
  - source: reg.kyverno.io/kyverno/kyverno:v1.19.1
    digest: sha256:b31d8511ae5fd6010e2a01ea72ebae08eb82fa51d91af14a1d9fe989949b4edb
    targets:
      google: us-central1-docker.pkg.dev/o-foundation-7e43/platform/images/reg.kyverno.io/kyverno/kyverno:v1.19.1
    platforms: ["linux/amd64", "linux/arm", "linux/arm64", "linux/ppc64le", "linux/s390x"]
  - source: reg.kyverno.io/kyverno/kyvernopre:v1.19.1
    digest: sha256:c25c47461f06f2845a48c319ae86fbbc1730a7b9ed5b701889c9dc1f9ee94b09
    targets:
      google: us-central1-docker.pkg.dev/o-foundation-7e43/platform/images/reg.kyverno.io/kyverno/kyvernopre:v1.19.1
    platforms: ["linux/amd64", "linux/arm", "linux/arm64", "linux/ppc64le", "linux/s390x"]
  - source: reg.kyverno.io/kyverno/reports-controller:v1.19.1
    digest: sha256:c0eee97b9b44a0dd35805d56b358fa52548480f79d4944602b9609538eccd64c
    targets:
      google: us-central1-docker.pkg.dev/o-foundation-7e43/platform/images/reg.kyverno.io/kyverno/reports-controller:v1.19.1
    platforms: ["linux/amd64", "linux/arm", "linux/arm64", "linux/ppc64le", "linux/s390x"]
