chart:
  name: cert-manager
  version: 1.21.1
  upstreamTgzSha256: c27101f3f3e2349fb4a9e704316105bf7b52ad73b8c8257d3498ef7f2f6a4adc
images:
  - source: quay.io/jetstack/cert-manager-acmesolver:v1.21.1
    digest: sha256:dbc7cc1354f603918e7c5af7f55a0a620537394452c93a565bde75c6f48e8837
    targets:
      google: us-central1-docker.pkg.dev/o-foundation-7e43/platform/images/quay.io/jetstack/cert-manager-acmesolver:v1.21.1
    platforms: ["linux/amd64", "linux/arm", "linux/arm64", "linux/ppc64le", "linux/s390x"]
  - source: quay.io/jetstack/cert-manager-cainjector:v1.21.1
    digest: sha256:ccf6b919ec0500745a47a910118f834f9636d0aac1ff221245cd2557ed8c7c98
    targets:
      google: us-central1-docker.pkg.dev/o-foundation-7e43/platform/images/quay.io/jetstack/cert-manager-cainjector:v1.21.1
    platforms: ["linux/amd64", "linux/arm", "linux/arm64", "linux/ppc64le", "linux/s390x"]
  - source: quay.io/jetstack/cert-manager-controller:v1.21.1
    digest: sha256:416a2d76870d996460e62bd7f521bf14fa017be9e3e904aab92163a331fcb61a
    targets:
      google: us-central1-docker.pkg.dev/o-foundation-7e43/platform/images/quay.io/jetstack/cert-manager-controller:v1.21.1
    platforms: ["linux/amd64", "linux/arm", "linux/arm64", "linux/ppc64le", "linux/s390x"]
  - source: quay.io/jetstack/cert-manager-startupapicheck:v1.21.1
    digest: sha256:d8ab6416e6e7303a86fa0a8daa82c94a8001f21c9d78eb2e7db20534e5d07ae8
    targets:
      google: us-central1-docker.pkg.dev/o-foundation-7e43/platform/images/quay.io/jetstack/cert-manager-startupapicheck:v1.21.1
    platforms: ["linux/amd64", "linux/arm", "linux/arm64", "linux/ppc64le", "linux/s390x"]
  - source: quay.io/jetstack/cert-manager-webhook:v1.21.1
    digest: sha256:d8b3961b51c8c7320633f8208dc46bf88aa13804d0f7cbe48a096b2c523cee42
    targets:
      google: us-central1-docker.pkg.dev/o-foundation-7e43/platform/images/quay.io/jetstack/cert-manager-webhook:v1.21.1
    platforms: ["linux/amd64", "linux/arm", "linux/arm64", "linux/ppc64le", "linux/s390x"]
