chart:
  name: flux-instance
  version: 0.59.0
  upstreamTgzSha256: 0ff99530aba262ffc087d997e96a08d28ba6464e30845d85d475519e70f26f22
images:
  - source: ghcr.io/fluxcd/helm-controller:v1.6.4
    digest: sha256:8ff15409e46d354338045f483d58ca9cb35dffa2f87e4addd1f5eba1e6a9175f
    targets:
      google: us-central1-docker.pkg.dev/o-foundation-7e43/platform/images/ghcr.io/fluxcd/helm-controller:v1.6.4
    platforms: ["linux/amd64", "linux/arm", "linux/arm64"]
  - source: ghcr.io/fluxcd/kustomize-controller:v1.9.5
    digest: sha256:a3a955eb2bc432c2eaa94d2d3714e3beae7fdf17586fd23aadf71ab597ac3339
    targets:
      google: us-central1-docker.pkg.dev/o-foundation-7e43/platform/images/ghcr.io/fluxcd/kustomize-controller:v1.9.5
    platforms: ["linux/amd64", "linux/arm", "linux/arm64"]
  - source: ghcr.io/fluxcd/notification-controller:v1.9.4
    digest: sha256:840f318265ee26f0d2c48a158bf7896b22aa4e998e320a18646309f0e40b15da
    targets:
      google: us-central1-docker.pkg.dev/o-foundation-7e43/platform/images/ghcr.io/fluxcd/notification-controller:v1.9.4
    platforms: ["linux/amd64", "linux/arm", "linux/arm64"]
  - source: ghcr.io/fluxcd/source-controller:v1.9.5
    digest: sha256:6f20d232d596a758c923d2861f23511718fc303b8a2e36a1434a7c736b9f4268
    targets:
      google: us-central1-docker.pkg.dev/o-foundation-7e43/platform/images/ghcr.io/fluxcd/source-controller:v1.9.5
    platforms: ["linux/amd64", "linux/arm", "linux/arm64"]
