chart:
  name: cilium
  version: 1.20.2
  upstreamTgzSha256: b2afd87b7f75f875f92a14559f14f59b7babbb479d968e3fd625a20bf30ec20e
images:
  - source: quay.io/cilium/cilium-envoy:v1.37.6-1789133542-cbec91f666af0bf742da986d43832932dbb26b82@sha256:af7382699576b9e65e9184efa52eeca0b58aea70ad6e511bf260c91d9f740463
    digest: sha256:af7382699576b9e65e9184efa52eeca0b58aea70ad6e511bf260c91d9f740463
    targets:
      google: us-central1-docker.pkg.dev/o-foundation-7e43/platform/images/quay.io/cilium/cilium-envoy:v1.37.6-1789133542-cbec91f666af0bf742da986d43832932dbb26b82
    platforms: ["linux/amd64", "linux/arm64"]
  - source: quay.io/cilium/cilium:v1.20.2@sha256:2939231d0d3e3ebddcd80fffa168b7ddcc78fdf0dc864d1c8c126ff523c54f01
    digest: sha256:2939231d0d3e3ebddcd80fffa168b7ddcc78fdf0dc864d1c8c126ff523c54f01
    targets:
      google: us-central1-docker.pkg.dev/o-foundation-7e43/platform/images/quay.io/cilium/cilium:v1.20.2
    platforms: ["linux/amd64", "linux/arm64"]
  - source: quay.io/cilium/operator-generic:v1.20.2@sha256:64d8798350e8569b8e7622563fed6e44dce2625f311e4651b774816516c744fc
    digest: sha256:64d8798350e8569b8e7622563fed6e44dce2625f311e4651b774816516c744fc
    targets:
      google: us-central1-docker.pkg.dev/o-foundation-7e43/platform/images/quay.io/cilium/operator-generic:v1.20.2
    platforms: ["linux/amd64", "linux/arm64"]
