chart:
  name: gha-runner-scale-set
  version: 0.15.0
  upstreamTgzSha256: bab4a9ca41730b52cc4aec46dd5623b3d148ca24b4766b9bc25bf5a91f7bfdfe
images:
  - source: ghcr.io/actions/actions-runner:2.337.0
    digest: sha256:e5496277be5d09bc968b3d64911b74e219ac4a3f2edce956a3ecf9271bea1ef4
    targets:
      google: us-central1-docker.pkg.dev/o-foundation-7e43/platform/images/ghcr.io/actions/actions-runner:2.337.0
    platforms: ["linux/amd64", "linux/arm64"]
