chart:
  name: gha-runner-scale-set
  version: 0.15.0
  upstreamTgzSha256: bab4a9ca41730b52cc4aec46dd5623b3d148ca24b4766b9bc25bf5a91f7bfdfe
images:
  - source: ghcr.io/actions/actions-runner:2.338.0
    digest: sha256:4ffadc0002b2581327e06101fc8c06cd189232baf79fe561fac9caeb76f5e807
    targets:
      google: us-central1-docker.pkg.dev/o-foundation-7e43/platform/images/ghcr.io/actions/actions-runner:2.338.0
    platforms: ["linux/amd64", "linux/arm64"]
